
Microsoft Visual Studio Solution File, Format Version 12.00
# Visual Studio 15
VisualStudioVersion = 15.0.28010.2046
MinimumVisualStudioVersion = 10.0.40219.1
Project("{FAE04EC0-301F-11D3-BF4B-00C04F79EFBC}") = "AngularWithNetCore", "AngularWithNetCore\AngularWithNetCore.csproj", "{6BCB0757-F74D-4F33-800D-6A1F922ABE13}"
EndProject
Global
	GlobalSection(SolutionConfigurationPlatforms) = preSolution
		Debug|Any CPU = Debug|Any CPU
		Release|Any CPU = Release|Any CPU
	EndGlobalSection
	GlobalSection(ProjectConfigurationPlatforms) = postSolution
		{6BCB0757-F74D-4F33-800D-6A1F922ABE13}.Debug|Any CPU.ActiveCfg = Debug|Any CPU
		{6BCB0757-F74D-4F33-800D-6A1F922ABE13}.Debug|Any CPU.Build.0 = Debug|Any CPU
		{6BCB0757-F74D-4F33-800D-6A1F922ABE13}.Release|Any CPU.ActiveCfg = Release|Any CPU
		{6BCB0757-F74D-4F33-800D-6A1F922ABE13}.Release|Any CPU.Build.0 = Release|Any CPU
	EndGlobalSection
	GlobalSection(SolutionProperties) = preSolution
		HideSolutionNode = FALSE
	EndGlobalSection
	GlobalSection(ExtensibilityGlobals) = postSolution
		SolutionGuid = {D79FF6C4-4DBC-43B9-983D-8BA3AB053B5D}
	EndGlobalSection
EndGlobal
